
Microsoft Visual Studio Solution File, Format Version 12.00
# Visual Studio 2013
VisualStudioVersion = 12.0.31101.0
MinimumVisualStudioVersion = 10.0.40219.1
Project("{FAE04EC0-301F-11D3-BF4B-00C04F79EFBC}") = "FillInMatrix", "FillInMatrix\FillInMatrix.csproj", "{DE2701EE-09D4-4BDB-A7BC-0DDFDDACAB84}"
EndProject
Project("{FAE04EC0-301F-11D3-BF4B-00C04F79EFBC}") = "MaximalSum", "MaximalSum\MaximalSum.csproj", "{65E94847-6ECA-4DC1-B514-8B5A27D3DB01}"
EndProject
Project("{FAE04EC0-301F-11D3-BF4B-00C04F79EFBC}") = "MatrixShuffling", "MatrixShuffling\MatrixShuffling.csproj", "{AB594AD6-99FF-4C70-B041-F27A00FB3B97}"
EndProject
Project("{FAE04EC0-301F-11D3-BF4B-00C04F79EFBC}") = "CollectCoins", "CollectCoins\CollectCoins.csproj", "{D1AE8B3B-EAA7-4E94-8507-E0F25CC81634}"
EndProject
Project("{FAE04EC0-301F-11D3-BF4B-00C04F79EFBC}") = "SequenceInMatrix", "SequenceInMatrix\SequenceInMatrix.csproj", "{17A753A2-42FE-4C4C-BAB0-28767308DBA7}"
EndProject
Project("{FAE04EC0-301F-11D3-BF4B-00C04F79EFBC}") = "CountSymbols", "CountSymbols\CountSymbols.csproj", "{0E8408FD-79D9-4578-86F3-AE5A0B56CD0C}"
EndProject
Global
	GlobalSection(SolutionConfigurationPlatforms) = preSolution
		Debug|Any CPU = Debug|Any CPU
		Release|Any CPU = Release|Any CPU
	EndGlobalSection
	GlobalSection(ProjectConfigurationPlatforms) = postSolution
		{DE2701EE-09D4-4BDB-A7BC-0DDFDDACAB84}.Debug|Any CPU.ActiveCfg = Debug|Any CPU
		{DE2701EE-09D4-4BDB-A7BC-0DDFDDACAB84}.Debug|Any CPU.Build.0 = Debug|Any CPU
		{DE2701EE-09D4-4BDB-A7BC-0DDFDDACAB84}.Release|Any CPU.ActiveCfg = Release|Any CPU
		{DE2701EE-09D4-4BDB-A7BC-0DDFDDACAB84}.Release|Any CPU.Build.0 = Release|Any CPU
		{65E94847-6ECA-4DC1-B514-8B5A27D3DB01}.Debug|Any CPU.ActiveCfg = Debug|Any CPU
		{65E94847-6ECA-4DC1-B514-8B5A27D3DB01}.Debug|Any CPU.Build.0 = Debug|Any CPU
		{65E94847-6ECA-4DC1-B514-8B5A27D3DB01}.Release|Any CPU.ActiveCfg = Release|Any CPU
		{65E94847-6ECA-4DC1-B514-8B5A27D3DB01}.Release|Any CPU.Build.0 = Release|Any CPU
		{AB594AD6-99FF-4C70-B041-F27A00FB3B97}.Debug|Any CPU.ActiveCfg = Debug|Any CPU
		{AB594AD6-99FF-4C70-B041-F27A00FB3B97}.Debug|Any CPU.Build.0 = Debug|Any CPU
		{AB594AD6-99FF-4C70-B041-F27A00FB3B97}.Release|Any CPU.ActiveCfg = Release|Any CPU
		{AB594AD6-99FF-4C70-B041-F27A00FB3B97}.Release|Any CPU.Build.0 = Release|Any CPU
		{D1AE8B3B-EAA7-4E94-8507-E0F25CC81634}.Debug|Any CPU.ActiveCfg = Debug|Any CPU
		{D1AE8B3B-EAA7-4E94-8507-E0F25CC81634}.Debug|Any CPU.Build.0 = Debug|Any CPU
		{D1AE8B3B-EAA7-4E94-8507-E0F25CC81634}.Release|Any CPU.ActiveCfg = Release|Any CPU
		{D1AE8B3B-EAA7-4E94-8507-E0F25CC81634}.Release|Any CPU.Build.0 = Release|Any CPU
		{17A753A2-42FE-4C4C-BAB0-28767308DBA7}.Debug|Any CPU.ActiveCfg = Debug|Any CPU
		{17A753A2-42FE-4C4C-BAB0-28767308DBA7}.Debug|Any CPU.Build.0 = Debug|Any CPU
		{17A753A2-42FE-4C4C-BAB0-28767308DBA7}.Release|Any CPU.ActiveCfg = Release|Any CPU
		{17A753A2-42FE-4C4C-BAB0-28767308DBA7}.Release|Any CPU.Build.0 = Release|Any CPU
		{0E8408FD-79D9-4578-86F3-AE5A0B56CD0C}.Debug|Any CPU.ActiveCfg = Debug|Any CPU
		{0E8408FD-79D9-4578-86F3-AE5A0B56CD0C}.Debug|Any CPU.Build.0 = Debug|Any CPU
		{0E8408FD-79D9-4578-86F3-AE5A0B56CD0C}.Release|Any CPU.ActiveCfg = Release|Any CPU
		{0E8408FD-79D9-4578-86F3-AE5A0B56CD0C}.Release|Any CPU.Build.0 = Release|Any CPU
	EndGlobalSection
	GlobalSection(SolutionProperties) = preSolution
		HideSolutionNode = FALSE
	EndGlobalSection
EndGlobal
