
Microsoft Visual Studio Solution File, Format Version 12.00
# Visual Studio 2013
VisualStudioVersion = 12.0.31101.0
MinimumVisualStudioVersion = 10.0.40219.1
Project("{FAE04EC0-301F-11D3-BF4B-00C04F79EFBC}") = "01. Point3D", "01. Point3D\01. Point3D.csproj", "{384CB20A-FCB3-496C-8F81-88FFD73E0F58}"
EndProject
Project("{FAE04EC0-301F-11D3-BF4B-00C04F79EFBC}") = "02.DistanceCalculator", "02.DistanceCalculator\02.DistanceCalculator.csproj", "{FE74D193-4D9B-4A1B-91BD-079EA637523C}"
EndProject
Project("{FAE04EC0-301F-11D3-BF4B-00C04F79EFBC}") = "03.Paths", "03.Paths\03.Paths.csproj", "{FA4FC22D-BBBE-471B-9420-48EE5BFE3638}"
EndProject
Project("{FAE04EC0-301F-11D3-BF4B-00C04F79EFBC}") = "04.NameSpaces", "04.NameSpaces\04.NameSpaces.csproj", "{1EE8DCAF-D9CC-468F-A030-1E6B2828F019}"
EndProject
Global
	GlobalSection(SolutionConfigurationPlatforms) = preSolution
		Debug|Any CPU = Debug|Any CPU
		Release|Any CPU = Release|Any CPU
	EndGlobalSection
	GlobalSection(ProjectConfigurationPlatforms) = postSolution
		{384CB20A-FCB3-496C-8F81-88FFD73E0F58}.Debug|Any CPU.ActiveCfg = Debug|Any CPU
		{384CB20A-FCB3-496C-8F81-88FFD73E0F58}.Debug|Any CPU.Build.0 = Debug|Any CPU
		{384CB20A-FCB3-496C-8F81-88FFD73E0F58}.Release|Any CPU.ActiveCfg = Release|Any CPU
		{384CB20A-FCB3-496C-8F81-88FFD73E0F58}.Release|Any CPU.Build.0 = Release|Any CPU
		{FE74D193-4D9B-4A1B-91BD-079EA637523C}.Debug|Any CPU.ActiveCfg = Debug|Any CPU
		{FE74D193-4D9B-4A1B-91BD-079EA637523C}.Debug|Any CPU.Build.0 = Debug|Any CPU
		{FE74D193-4D9B-4A1B-91BD-079EA637523C}.Release|Any CPU.ActiveCfg = Release|Any CPU
		{FE74D193-4D9B-4A1B-91BD-079EA637523C}.Release|Any CPU.Build.0 = Release|Any CPU
		{FA4FC22D-BBBE-471B-9420-48EE5BFE3638}.Debug|Any CPU.ActiveCfg = Debug|Any CPU
		{FA4FC22D-BBBE-471B-9420-48EE5BFE3638}.Debug|Any CPU.Build.0 = Debug|Any CPU
		{FA4FC22D-BBBE-471B-9420-48EE5BFE3638}.Release|Any CPU.ActiveCfg = Release|Any CPU
		{FA4FC22D-BBBE-471B-9420-48EE5BFE3638}.Release|Any CPU.Build.0 = Release|Any CPU
		{1EE8DCAF-D9CC-468F-A030-1E6B2828F019}.Debug|Any CPU.ActiveCfg = Debug|Any CPU
		{1EE8DCAF-D9CC-468F-A030-1E6B2828F019}.Debug|Any CPU.Build.0 = Debug|Any CPU
		{1EE8DCAF-D9CC-468F-A030-1E6B2828F019}.Release|Any CPU.ActiveCfg = Release|Any CPU
		{1EE8DCAF-D9CC-468F-A030-1E6B2828F019}.Release|Any CPU.Build.0 = Release|Any CPU
	EndGlobalSection
	GlobalSection(SolutionProperties) = preSolution
		HideSolutionNode = FALSE
	EndGlobalSection
EndGlobal
