
Microsoft Visual Studio Solution File, Format Version 12.00
# Visual Studio 2013
VisualStudioVersion = 12.0.31101.0
MinimumVisualStudioVersion = 10.0.40219.1
Project("{FAE04EC0-301F-11D3-BF4B-00C04F79EFBC}") = "Problem 1 - SortArrayOfNumbers", "Problem 1 - SortArrayOfNumbers\Problem 1 - SortArrayOfNumbers.csproj", "{339CACE5-185E-4BAA-8F8A-23BDC146690F}"
EndProject
Project("{FAE04EC0-301F-11D3-BF4B-00C04F79EFBC}") = "Problem 2-SortArrayOfNumbersUsingSelectionSort", "Problem 2-SortArrayOfNumbersUsingSelectionSort\Problem 2-SortArrayOfNumbersUsingSelectionSort.csproj", "{742D6AF7-042A-4E00-BF93-21B11CA8729B}"
EndProject
Project("{FAE04EC0-301F-11D3-BF4B-00C04F79EFBC}") = "Problem 3-CategorizeNumbersAndFindMinMaxAverage", "Problem 3-CategorizeNumbersAndFindMinMaxAverage\Problem 3-CategorizeNumbersAndFindMinMaxAverage.csproj", "{8B0E9570-4CC0-4689-B3F3-18DDDD078F91}"
EndProject
Project("{FAE04EC0-301F-11D3-BF4B-00C04F79EFBC}") = "Problem 4 -SequencesOfEqualStrings", "Problem 4 -SequencesOfEqualStrings\Problem 4 -SequencesOfEqualStrings.csproj", "{4FAC059D-4749-4E41-8127-7429D7301DAB}"
EndProject
Project("{FAE04EC0-301F-11D3-BF4B-00C04F79EFBC}") = "Problem 5 - LongestIncreasingSequence", "Problem 5 - LongestIncreasingSequence\Problem 5 - LongestIncreasingSequence.csproj", "{C7B87026-1D64-4B34-884C-CF53EBDB431A}"
EndProject
Project("{FAE04EC0-301F-11D3-BF4B-00C04F79EFBC}") = "Problem 6 - SubsetSums", "Problem 6 - SubsetSums\Problem 6 - SubsetSums.csproj", "{3BF1BFC1-E866-472F-8E72-42D68652BB18}"
EndProject
Project("{FAE04EC0-301F-11D3-BF4B-00C04F79EFBC}") = "Problem 7- SortedSubsetSums", "Problem 7- SortedSubsetSums\Problem 7- SortedSubsetSums.csproj", "{3CF3A2A7-6B40-43A7-BD83-C89783AE1EF7}"
EndProject
Global
	GlobalSection(SolutionConfigurationPlatforms) = preSolution
		Debug|Any CPU = Debug|Any CPU
		Release|Any CPU = Release|Any CPU
	EndGlobalSection
	GlobalSection(ProjectConfigurationPlatforms) = postSolution
		{339CACE5-185E-4BAA-8F8A-23BDC146690F}.Debug|Any CPU.ActiveCfg = Debug|Any CPU
		{339CACE5-185E-4BAA-8F8A-23BDC146690F}.Debug|Any CPU.Build.0 = Debug|Any CPU
		{339CACE5-185E-4BAA-8F8A-23BDC146690F}.Release|Any CPU.ActiveCfg = Release|Any CPU
		{339CACE5-185E-4BAA-8F8A-23BDC146690F}.Release|Any CPU.Build.0 = Release|Any CPU
		{742D6AF7-042A-4E00-BF93-21B11CA8729B}.Debug|Any CPU.ActiveCfg = Debug|Any CPU
		{742D6AF7-042A-4E00-BF93-21B11CA8729B}.Debug|Any CPU.Build.0 = Debug|Any CPU
		{742D6AF7-042A-4E00-BF93-21B11CA8729B}.Release|Any CPU.ActiveCfg = Release|Any CPU
		{742D6AF7-042A-4E00-BF93-21B11CA8729B}.Release|Any CPU.Build.0 = Release|Any CPU
		{8B0E9570-4CC0-4689-B3F3-18DDDD078F91}.Debug|Any CPU.ActiveCfg = Debug|Any CPU
		{8B0E9570-4CC0-4689-B3F3-18DDDD078F91}.Debug|Any CPU.Build.0 = Debug|Any CPU
		{8B0E9570-4CC0-4689-B3F3-18DDDD078F91}.Release|Any CPU.ActiveCfg = Release|Any CPU
		{8B0E9570-4CC0-4689-B3F3-18DDDD078F91}.Release|Any CPU.Build.0 = Release|Any CPU
		{4FAC059D-4749-4E41-8127-7429D7301DAB}.Debug|Any CPU.ActiveCfg = Debug|Any CPU
		{4FAC059D-4749-4E41-8127-7429D7301DAB}.Debug|Any CPU.Build.0 = Debug|Any CPU
		{4FAC059D-4749-4E41-8127-7429D7301DAB}.Release|Any CPU.ActiveCfg = Release|Any CPU
		{4FAC059D-4749-4E41-8127-7429D7301DAB}.Release|Any CPU.Build.0 = Release|Any CPU
		{C7B87026-1D64-4B34-884C-CF53EBDB431A}.Debug|Any CPU.ActiveCfg = Debug|Any CPU
		{C7B87026-1D64-4B34-884C-CF53EBDB431A}.Debug|Any CPU.Build.0 = Debug|Any CPU
		{C7B87026-1D64-4B34-884C-CF53EBDB431A}.Release|Any CPU.ActiveCfg = Release|Any CPU
		{C7B87026-1D64-4B34-884C-CF53EBDB431A}.Release|Any CPU.Build.0 = Release|Any CPU
		{3BF1BFC1-E866-472F-8E72-42D68652BB18}.Debug|Any CPU.ActiveCfg = Debug|Any CPU
		{3BF1BFC1-E866-472F-8E72-42D68652BB18}.Debug|Any CPU.Build.0 = Debug|Any CPU
		{3BF1BFC1-E866-472F-8E72-42D68652BB18}.Release|Any CPU.ActiveCfg = Release|Any CPU
		{3BF1BFC1-E866-472F-8E72-42D68652BB18}.Release|Any CPU.Build.0 = Release|Any CPU
		{3CF3A2A7-6B40-43A7-BD83-C89783AE1EF7}.Debug|Any CPU.ActiveCfg = Debug|Any CPU
		{3CF3A2A7-6B40-43A7-BD83-C89783AE1EF7}.Debug|Any CPU.Build.0 = Debug|Any CPU
		{3CF3A2A7-6B40-43A7-BD83-C89783AE1EF7}.Release|Any CPU.ActiveCfg = Release|Any CPU
		{3CF3A2A7-6B40-43A7-BD83-C89783AE1EF7}.Release|Any CPU.Build.0 = Release|Any CPU
	EndGlobalSection
	GlobalSection(SolutionProperties) = preSolution
		HideSolutionNode = FALSE
	EndGlobalSection
EndGlobal
